<Solution>
<Project Path="src/ClyvoVet.Api/ClyvoVet.Api.csproj" />
<Project Path="src/ClyvoVet.Domain/ClyvoVet.Domain.csproj" />
<Project Path="src/ClyvoVet.Application/ClyvoVet.Application.csproj" />
<Project Path="tests/ClyvoVet.Api.Tests.Unit/ClyvoVet.Api.Tests.Unit.csproj" />
<Project Path="tests/ClyvoVet.Api.Tests.Integration/ClyvoVet.Api.Tests.Integration.csproj" />
</Solution>
